PODS:
  - JBChartView (3.0.12)
  - MBProgressHUD (1.0.0)
  - SDWebImage (3.8.2):
    - SDWebImage/Core (= 3.8.2)
  - SDWebImage/Core (3.8.2)

DEPENDENCIES:
  - JBChartView
  - MBProgressHUD (~> 1.0.0)
  - SDWebImage (~> 3.8)

SPEC CHECKSUMS:
  JBChartView: 08877554448ccf99c12625ad0ebce70588ff8318
  MBProgressHUD: 4890f671c94e8a0f3cf959aa731e9de2f036d71a
  SDWebImage: 098e97e6176540799c27e804c96653ee0833d13c

PODFILE CHECKSUM: 2bd6234f2376273cadc7429ab3c060c80f0cb4b5

COCOAPODS: 1.1.1
